uuid: ea7f28b4-af4f-400a-b1c9-59b3594f6fe0
langcode: en
status: true
dependencies:
  config:
    - field.storage.paragraph.field_block
    - paragraphs.paragraphs_type.block
_core:
  default_config_hash: SAvzqcLcERi4oUzxhtkSWAzDWjTRza8u2kq-GAryZ9U
id: paragraph.block.field_block
field_name: field_block
entity_type: paragraph
bundle: block
label: Block
description: ''
required: false
translatable: false
default_value: {  }
default_value_callback: ''
settings:
  handler: 'default:block'
  handler_settings:
    target_bundles: null
    auto_create: true
field_type: entity_reference
